// !$*UTF8*$!
{
	archiveVersion = 1;
	classes = {
	};
	objectVersion = 46;
	objects = {

/* Begin PBXBuildFile section */
		8739C39106B5EDD07E824554 /* Pods_Twitar.framework in Frameworks */ = {isa = PBXBuildFile; fileRef = 0079661BE3869F06CF7B10CF /* Pods_Twitar.framework */; };
		A31479C91DC699560025B688 /* TweetCell.swift in Sources */ = {isa = PBXBuildFile; fileRef = A31479C81DC699560025B688 /* TweetCell.swift */; };
		A31479CB1DC6B7110025B688 /* ComposeViewController.swift in Sources */ = {isa = PBXBuildFile; fileRef = A31479CA1DC6B7110025B688 /* ComposeViewController.swift */; };
		A31479CD1DC6F39E0025B688 /* DetailsViewController.swift in Sources */ = {isa = PBXBuildFile; fileRef = A31479CC1DC6F39E0025B688 /* DetailsViewController.swift */; };
		A3D62C0F1DC300A1005F9CFA /* AppDelegate.swift in Sources */ = {isa = PBXBuildFile; fileRef = A3D62C0E1DC300A1005F9CFA /* AppDelegate.swift */; };
		A3D62C111DC300A1005F9CFA /* LoginViewController.swift in Sources */ = {isa = PBXBuildFile; fileRef = A3D62C101DC300A1005F9CFA /* LoginViewController.swift */; };
		A3D62C141DC300A1005F9CFA /* Main.storyboard in Resources */ = {isa = PBXBuildFile; fileRef = A3D62C121DC300A1005F9CFA /* Main.storyboard */; };
		A3D62C161DC300A1005F9CFA /* Assets.xcassets in Resources */ = {isa = PBXBuildFile; fileRef = A3D62C151DC300A1005F9CFA /* Assets.xcassets */; };
		A3D62C191DC300A1005F9CFA /* LaunchScreen.storyboard in Resources */ = {isa = PBXBuildFile; fileRef = A3D62C171DC300A1005F9CFA /* LaunchScreen.storyboard */; };
		A3D62C251DC302FB005F9CFA /* Tweet.swift in Sources */ = {isa = PBXBuildFile; fileRef = A3D62C241DC302FB005F9CFA /* Tweet.swift */; };
		A3D62C291DC30324005F9CFA /* TimeLineViewController.swift in Sources */ = {isa = PBXBuildFile; fileRef = A3D62C281DC30324005F9CFA /* TimeLineViewController.swift */; };
		A3D62C2B1DC31EE8005F9CFA /* User.swift in Sources */ = {isa = PBXBuildFile; fileRef = A3D62C2A1DC31EE8005F9CFA /* User.swift */; };
		A3D62C2D1DC32B96005F9CFA /* TwitterClient.swift in Sources */ = {isa = PBXBuildFile; fileRef = A3D62C2C1DC32B96005F9CFA /* TwitterClient.swift */; };
/* End PBXBuildFile section */

/* Begin PBXFileReference section */
		0079661BE3869F06CF7B10CF /* Pods_Twitar.framework */ = {isa = PBXFileReference; explicitFileType = wrapper.framework; includeInIndex = 0; path = Pods_Twitar.framework; sourceTree = BUILT_PRODUCTS_DIR; };
		45A92B50430D419625406D1B /* Pods-Twitar.release.xcconfig */ = {isa = PBXFileReference; includeInIndex = 1; lastKnownFileType = text.xcconfig; name = "Pods-Twitar.release.xcconfig"; path = "Pods/Target Support Files/Pods-Twitar/Pods-Twitar.release.xcconfig"; sourceTree = "<group>"; };
		A31479C71DC6969C0025B688 /* Twitar.entitlements */ = {isa = PBXFileReference; lastKnownFileType = text.plist.entitlements; path = Twitar.entitlements; sourceTree = "<group>"; };
		A31479C81DC699560025B688 /* TweetCell.swift */ = {isa = PBXFileReference; fileEncoding = 4; lastKnownFileType = sourcecode.swift; path = TweetCell.swift; sourceTree = "<group>"; };
		A31479CA1DC6B7110025B688 /* ComposeViewController.swift */ = {isa = PBXFileReference; fileEncoding = 4; lastKnownFileType = sourcecode.swift; path = ComposeViewController.swift; sourceTree = "<group>"; };
		A31479CC1DC6F39E0025B688 /* DetailsViewController.swift */ = {isa = PBXFileReference; fileEncoding = 4; lastKnownFileType = sourcecode.swift; path = DetailsViewController.swift; sourceTree = "<group>"; };
		A3D62C0B1DC300A1005F9CFA /* Twitar.app */ = {isa = PBXFileReference; explicitFileType = wrapper.application; includeInIndex = 0; path = Twitar.app; sourceTree = BUILT_PRODUCTS_DIR; };
		A3D62C0E1DC300A1005F9CFA /* AppDelegate.swift */ = {isa = PBXFileReference; lastKnownFileType = sourcecode.swift; path = AppDelegate.swift; sourceTree = "<group>"; };
		A3D62C101DC300A1005F9CFA /* LoginViewController.swift */ = {isa = PBXFileReference; lastKnownFileType = sourcecode.swift; path = LoginViewController.swift; sourceTree = "<group>"; };
		A3D62C131DC300A1005F9CFA /* Base */ = {isa = PBXFileReference; lastKnownFileType = file.storyboard; name = Base; path = Base.lproj/Main.storyboard; sourceTree = "<group>"; };
		A3D62C151DC300A1005F9CFA /* Assets.xcassets */ = {isa = PBXFileReference; lastKnownFileType = folder.assetcatalog; path = Assets.xcassets; sourceTree = "<group>"; };
		A3D62C181DC300A1005F9CFA /* Base */ = {isa = PBXFileReference; lastKnownFileType = file.storyboard; name = Base; path = Base.lproj/LaunchScreen.storyboard; sourceTree = "<group>"; };
		A3D62C1A1DC300A1005F9CFA /* Info.plist */ = {isa = PBXFileReference; lastKnownFileType = text.plist.xml; path = Info.plist; sourceTree = "<group>"; };
		A3D62C241DC302FB005F9CFA /* Tweet.swift */ = {isa = PBXFileReference; fileEncoding = 4; lastKnownFileType = sourcecode.swift; path = Tweet.swift; sourceTree = "<group>"; };
		A3D62C281DC30324005F9CFA /* TimeLineViewController.swift */ = {isa = PBXFileReference; fileEncoding = 4; lastKnownFileType = sourcecode.swift; path = TimeLineViewController.swift; sourceTree = "<group>"; };
		A3D62C2A1DC31EE8005F9CFA /* User.swift */ = {isa = PBXFileReference; fileEncoding = 4; lastKnownFileType = sourcecode.swift; path = User.swift; sourceTree = "<group>"; };
		A3D62C2C1DC32B96005F9CFA /* TwitterClient.swift */ = {isa = PBXFileReference; fileEncoding = 4; lastKnownFileType = sourcecode.swift; path = TwitterClient.swift; sourceTree = "<group>"; };
		DA4C97A834C03C0EE2A5143F /* Pods-Twitar.debug.xcconfig */ = {isa = PBXFileReference; includeInIndex = 1; lastKnownFileType = text.xcconfig; name = "Pods-Twitar.debug.xcconfig"; path = "Pods/Target Support Files/Pods-Twitar/Pods-Twitar.debug.xcconfig"; sourceTree = "<group>"; };
/* End PBXFileReference section */

/* Begin PBXFrameworksBuildPhase section */
		A3D62C081DC300A1005F9CFA /* Frameworks */ = {
			isa = PBXFrameworksBuildPhase;
			buildActionMask = 2147483647;
			files = (
				8739C39106B5EDD07E824554 /* Pods_Twitar.framework in Frameworks */,
			);
			runOnlyForDeploymentPostprocessing = 0;
		};
/* End PBXFrameworksBuildPhase section */

/* Begin PBXGroup section */
		14BB1F0717658987211D4FE4 /* Frameworks */ = {
			isa = PBXGroup;
			children = (
				0079661BE3869F06CF7B10CF /* Pods_Twitar.framework */,
			);
			name = Frameworks;
			sourceTree = "<group>";
		};
		6A24804A1AB2510E34FD5C0D /* Pods */ = {
			isa = PBXGroup;
			children = (
				DA4C97A834C03C0EE2A5143F /* Pods-Twitar.debug.xcconfig */,
				45A92B50430D419625406D1B /* Pods-Twitar.release.xcconfig */,
			);
			name = Pods;
			sourceTree = "<group>";
		};
		A3D62C021DC300A1005F9CFA = {
			isa = PBXGroup;
			children = (
				A3D62C0D1DC300A1005F9CFA /* Twitar */,
				A3D62C0C1DC300A1005F9CFA /* Products */,
				6A24804A1AB2510E34FD5C0D /* Pods */,
				14BB1F0717658987211D4FE4 /* Frameworks */,
			);
			sourceTree = "<group>";
		};
		A3D62C0C1DC300A1005F9CFA /* Products */ = {
			isa = PBXGroup;
			children = (
				A3D62C0B1DC300A1005F9CFA /* Twitar.app */,
			);
			name = Products;
			sourceTree = "<group>";
		};
		A3D62C0D1DC300A1005F9CFA /* Twitar */ = {
			isa = PBXGroup;
			children = (
				A31479C71DC6969C0025B688 /* Twitar.entitlements */,
				A3D62C231DC302DB005F9CFA /* View Controllers */,
				A3D62C221DC302D6005F9CFA /* API */,
				A3D62C211DC302D2005F9CFA /* Models */,
				A3D62C201DC302CD005F9CFA /* Views */,
				A3D62C0E1DC300A1005F9CFA /* AppDelegate.swift */,
				A3D62C121DC300A1005F9CFA /* Main.storyboard */,
				A3D62C151DC300A1005F9CFA /* Assets.xcassets */,
				A3D62C171DC300A1005F9CFA /* LaunchScreen.storyboard */,
				A3D62C1A1DC300A1005F9CFA /* Info.plist */,
			);
			path = Twitar;
			sourceTree = "<group>";
		};
		A3D62C201DC302CD005F9CFA /* Views */ = {
			isa = PBXGroup;
			children = (
				A31479C81DC699560025B688 /* TweetCell.swift */,
			);
			name = Views;
			sourceTree = "<group>";
		};
		A3D62C211DC302D2005F9CFA /* Models */ = {
			isa = PBXGroup;
			children = (
				A3D62C241DC302FB005F9CFA /* Tweet.swift */,
				A3D62C2A1DC31EE8005F9CFA /* User.swift */,
			);
			name = Models;
			sourceTree = "<group>";
		};
		A3D62C221DC302D6005F9CFA /* API */ = {
			isa = PBXGroup;
			children = (
				A3D62C2C1DC32B96005F9CFA /* TwitterClient.swift */,
			);
			name = API;
			sourceTree = "<group>";
		};
		A3D62C231DC302DB005F9CFA /* View Controllers */ = {
			isa = PBXGroup;
			children = (
				A3D62C101DC300A1005F9CFA /* LoginViewController.swift */,
				A3D62C281DC30324005F9CFA /* TimeLineViewController.swift */,
				A31479CA1DC6B7110025B688 /* ComposeViewController.swift */,
				A31479CC1DC6F39E0025B688 /* DetailsViewController.swift */,
			);
			name = "View Controllers";
			sourceTree = "<group>";
		};
/* End PBXGroup section */

/* Begin PBXNativeTarget section */
		A3D62C0A1DC300A1005F9CFA /* Twitar */ = {
			isa = PBXNativeTarget;
			buildConfigurationList = A3D62C1D1DC300A1005F9CFA /* Build configuration list for PBXNativeTarget "Twitar" */;
			buildPhases = (
				96196A871C235B3FA0105C49 /* [CP] Check Pods Manifest.lock */,
				A3D62C071DC300A1005F9CFA /* Sources */,
				A3D62C081DC300A1005F9CFA /* Frameworks */,
				A3D62C091DC300A1005F9CFA /* Resources */,
				15294EEBAF91CD5E7707A847 /* [CP] Embed Pods Frameworks */,
				AF36E92C14E895D2B8D4E8A3 /* [CP] Copy Pods Resources */,
			);
			buildRules = (
			);
			dependencies = (
			);
			name = Twitar;
			productName = Twitar;
			productReference = A3D62C0B1DC300A1005F9CFA /* Twitar.app */;
			productType = "com.apple.product-type.application";
		};
/* End PBXNativeTarget section */

/* Begin PBXProject section */
		A3D62C031DC300A1005F9CFA /* Project object */ = {
			isa = PBXProject;
			attributes = {
				LastSwiftUpdateCheck = 0810;
				LastUpgradeCheck = 0810;
				ORGANIZATIONNAME = "Yin Yee Lai";
				TargetAttributes = {
					A3D62C0A1DC300A1005F9CFA = {
						CreatedOnToolsVersion = 8.1;
						DevelopmentTeam = 4JAR4TZYES;
						ProvisioningStyle = Automatic;
						SystemCapabilities = {
							com.apple.Keychain = {
								enabled = 1;
							};
						};
					};
				};
			};
			buildConfigurationList = A3D62C061DC300A1005F9CFA /* Build configuration list for PBXProject "Twitar" */;
			compatibilityVersion = "Xcode 3.2";
			developmentRegion = English;
			hasScannedForEncodings = 0;
			knownRegions = (
				en,
				Base,
			);
			mainGroup = A3D62C021DC300A1005F9CFA;
			productRefGroup = A3D62C0C1DC300A1005F9CFA /* Products */;
			projectDirPath = "";
			projectRoot = "";
			targets = (
				A3D62C0A1DC300A1005F9CFA /* Twitar */,
			);
		};
/* End PBXProject section */

/* Begin PBXResourcesBuildPhase section */
		A3D62C091DC300A1005F9CFA /* Resources */ = {
			isa = PBXResourcesBuildPhase;
			buildActionMask = 2147483647;
			files = (
				A3D62C191DC300A1005F9CFA /* LaunchScreen.storyboard in Resources */,
				A3D62C161DC300A1005F9CFA /* Assets.xcassets in Resources */,
				A3D62C141DC300A1005F9CFA /* Main.storyboard in Resources */,
			);
			runOnlyForDeploymentPostprocessing = 0;
		};
/* End PBXResourcesBuildPhase section */

/* Begin PBXShellScriptBuildPhase section */
		15294EEBAF91CD5E7707A847 /* [CP] Embed Pods Frameworks */ = {
			isa = PBXShellScriptBuildPhase;
			buildActionMask = 2147483647;
			files = (
			);
			inputPaths = (
			);
			name = "[CP] Embed Pods Frameworks";
			outputPaths = (
			);
			runOnlyForDeploymentPostprocessing = 0;
			shellPath = /bin/sh;
			shellScript = "\"${SRCROOT}/Pods/Target Support Files/Pods-Twitar/Pods-Twitar-frameworks.sh\"\n";
			showEnvVarsInLog = 0;
		};
		96196A871C235B3FA0105C49 /* [CP] Check Pods Manifest.lock */ = {
			isa = PBXShellScriptBuildPhase;
			buildActionMask = 2147483647;
			files = (
			);
			inputPaths = (
			);
			name = "[CP] Check Pods Manifest.lock";
			outputPaths = (
			);
			runOnlyForDeploymentPostprocessing = 0;
			shellPath = /bin/sh;
			shellScript = "diff \"${PODS_ROOT}/../Podfile.lock\" \"${PODS_ROOT}/Manifest.lock\" > /dev/null\nif [[ $? != 0 ]] ; then\n    cat << EOM\nerror: The sandbox is not in sync with the Podfile.lock. Run 'pod install' or update your CocoaPods installation.\nEOM\n    exit 1\nfi\n";
			showEnvVarsInLog = 0;
		};
		AF36E92C14E895D2B8D4E8A3 /* [CP] Copy Pods Resources */ = {
			isa = PBXShellScriptBuildPhase;
			buildActionMask = 2147483647;
			files = (
			);
			inputPaths = (
			);
			name = "[CP] Copy Pods Resources";
			outputPaths = (
			);
			runOnlyForDeploymentPostprocessing = 0;
			shellPath = /bin/sh;
			shellScript = "\"${SRCROOT}/Pods/Target Support Files/Pods-Twitar/Pods-Twitar-resources.sh\"\n";
			showEnvVarsInLog = 0;
		};
/* End PBXShellScriptBuildPhase section */

/* Begin PBXSourcesBuildPhase section */
		A3D62C071DC300A1005F9CFA /* Sources */ = {
			isa = PBXSourcesBuildPhase;
			buildActionMask = 2147483647;
			files = (
				A3D62C251DC302FB005F9CFA /* Tweet.swift in Sources */,
				A31479C91DC699560025B688 /* TweetCell.swift in Sources */,
				A31479CD1DC6F39E0025B688 /* DetailsViewController.swift in Sources */,
				A3D62C2B1DC31EE8005F9CFA /* User.swift in Sources */,
				A31479CB1DC6B7110025B688 /* ComposeViewController.swift in Sources */,
				A3D62C111DC300A1005F9CFA /* LoginViewController.swift in Sources */,
				A3D62C291DC30324005F9CFA /* TimeLineViewController.swift in Sources */,
				A3D62C2D1DC32B96005F9CFA /* TwitterClient.swift in Sources */,
				A3D62C0F1DC300A1005F9CFA /* AppDelegate.swift in Sources */,
			);
			runOnlyForDeploymentPostprocessing = 0;
		};
/* End PBXSourcesBuildPhase section */

/* Begin PBXVariantGroup section */
		A3D62C121DC300A1005F9CFA /* Main.storyboard */ = {
			isa = PBXVariantGroup;
			children = (
				A3D62C131DC300A1005F9CFA /* Base */,
			);
			name = Main.storyboard;
			sourceTree = "<group>";
		};
		A3D62C171DC300A1005F9CFA /* LaunchScreen.storyboard */ = {
			isa = PBXVariantGroup;
			children = (
				A3D62C181DC300A1005F9CFA /* Base */,
			);
			name = LaunchScreen.storyboard;
			sourceTree = "<group>";
		};
/* End PBXVariantGroup section */

/* Begin XCBuildConfiguration section */
		A3D62C1B1DC300A1005F9CFA /* Debug */ = {
			isa = XCBuildConfiguration;
			buildSettings = {
				ALWAYS_SEARCH_USER_PATHS = NO;
				CLANG_ANALYZER_NONNULL = YES;
				CLANG_CXX_LANGUAGE_STANDARD = "gnu++0x";
				CLANG_CXX_LIBRARY = "libc++";
				CLANG_ENABLE_MODULES = YES;
				CLANG_ENABLE_OBJC_ARC = YES;
				CLANG_WARN_BOOL_CONVERSION = YES;
				CLANG_WARN_CONSTANT_CONVERSION = YES;
				CLANG_WARN_DIRECT_OBJC_ISA_USAGE = YES_ERROR;
				CLANG_WARN_DOCUMENTATION_COMMENTS = YES;
				CLANG_WARN_EMPTY_BODY = YES;
				CLANG_WARN_ENUM_CONVERSION = YES;
				CLANG_WARN_INFINITE_RECURSION = YES;
				CLANG_WARN_INT_CONVERSION = YES;
				CLANG_WARN_OBJC_ROOT_CLASS = YES_ERROR;
				CLANG_WARN_SUSPICIOUS_MOVES = YES;
				CLANG_WARN_UNREACHABLE_CODE = YES;
				CLANG_WARN__DUPLICATE_METHOD_MATCH = YES;
				"CODE_SIGN_IDENTITY[sdk=iphoneos*]" = "iPhone Developer";
				COPY_PHASE_STRIP = NO;
				DEBUG_INFORMATION_FORMAT = dwarf;
				ENABLE_STRICT_OBJC_MSGSEND = YES;
				ENABLE_TESTABILITY = YES;
				GCC_C_LANGUAGE_STANDARD = gnu99;
				GCC_DYNAMIC_NO_PIC = NO;
				GCC_NO_COMMON_BLOCKS = YES;
				GCC_OPTIMIZATION_LEVEL = 0;
				GCC_PREPROCESSOR_DEFINITIONS = (
					"DEBUG=1",
					"$(inherited)",
				);
				GCC_WARN_64_TO_32_BIT_CONVERSION = YES;
				GCC_WARN_ABOUT_RETURN_TYPE = YES_ERROR;
				GCC_WARN_UNDECLARED_SELECTOR = YES;
				GCC_WARN_UNINITIALIZED_AUTOS = YES_AGGRESSIVE;
				GCC_WARN_UNUSED_FUNCTION = YES;
				GCC_WARN_UNUSED_VARIABLE = YES;
				IPHONEOS_DEPLOYMENT_TARGET = 10.1;
				MTL_ENABLE_DEBUG_INFO = YES;
				ONLY_ACTIVE_ARCH = YES;
				SDKROOT = iphoneos;
				SWIFT_ACTIVE_COMPILATION_CONDITIONS = DEBUG;
				SWIFT_OPTIMIZATION_LEVEL = "-Onone";
				TARGETED_DEVICE_FAMILY = "1,2";
			};
			name = Debug;
		};
		A3D62C1C1DC300A1005F9CFA /* Release */ = {
			isa = XCBuildConfiguration;
			buildSettings = {
				ALWAYS_SEARCH_USER_PATHS = NO;
				CLANG_ANALYZER_NONNULL = YES;
				CLANG_CXX_LANGUAGE_STANDARD = "gnu++0x";
				CLANG_CXX_LIBRARY = "libc++";
				CLANG_ENABLE_MODULES = YES;
				CLANG_ENABLE_OBJC_ARC = YES;
				CLANG_WARN_BOOL_CONVERSION = YES;
				CLANG_WARN_CONSTANT_CONVERSION = YES;
				CLANG_WARN_DIRECT_OBJC_ISA_USAGE = YES_ERROR;
				CLANG_WARN_DOCUMENTATION_COMMENTS = YES;
				CLANG_WARN_EMPTY_BODY = YES;
				CLANG_WARN_ENUM_CONVERSION = YES;
				CLANG_WARN_INFINITE_RECURSION = YES;
				CLANG_WARN_INT_CONVERSION = YES;
				CLANG_WARN_OBJC_ROOT_CLASS = YES_ERROR;
				CLANG_WARN_SUSPICIOUS_MOVES = YES;
				CLANG_WARN_UNREACHABLE_CODE = YES;
				CLANG_WARN__DUPLICATE_METHOD_MATCH = YES;
				"CODE_SIGN_IDENTITY[sdk=iphoneos*]" = "iPhone Developer";
				COPY_PHASE_STRIP = NO;
				DEBUG_INFORMATION_FORMAT = "dwarf-with-dsym";
				ENABLE_NS_ASSERTIONS = NO;
				ENABLE_STRICT_OBJC_MSGSEND = YES;
				GCC_C_LANGUAGE_STANDARD = gnu99;
				GCC_NO_COMMON_BLOCKS = YES;
				GCC_WARN_64_TO_32_BIT_CONVERSION = YES;
				GCC_WARN_ABOUT_RETURN_TYPE = YES_ERROR;
				GCC_WARN_UNDECLARED_SELECTOR = YES;
				GCC_WARN_UNINITIALIZED_AUTOS = YES_AGGRESSIVE;
				GCC_WARN_UNUSED_FUNCTION = YES;
				GCC_WARN_UNUSED_VARIABLE = YES;
				IPHONEOS_DEPLOYMENT_TARGET = 10.1;
				MTL_ENABLE_DEBUG_INFO = NO;
				SDKROOT = iphoneos;
				SWIFT_OPTIMIZATION_LEVEL = "-Owholemodule";
				TARGETED_DEVICE_FAMILY = "1,2";
				VALIDATE_PRODUCT = YES;
			};
			name = Release;
		};
		A3D62C1E1DC300A1005F9CFA /* Debug */ = {
			isa = XCBuildConfiguration;
			baseConfigurationReference = DA4C97A834C03C0EE2A5143F /* Pods-Twitar.debug.xcconfig */;
			buildSettings = {
				ASSETCATALOG_COMPILER_APPICON_NAME = AppIcon;
				CODE_SIGN_ENTITLEMENTS = Twitar/Twitar.entitlements;
				DEVELOPMENT_TEAM = 4JAR4TZYES;
				INFOPLIST_FILE = Twitar/Info.plist;
				LD_RUNPATH_SEARCH_PATHS = "$(inherited) @executable_path/Frameworks";
				PRODUCT_BUNDLE_IDENTIFIER = com.codepath.Twitar;
				PRODUCT_NAME = "$(TARGET_NAME)";
				SWIFT_VERSION = 3.0;
			};
			name = Debug;
		};
		A3D62C1F1DC300A1005F9CFA /* Release */ = {
			isa = XCBuildConfiguration;
			baseConfigurationReference = 45A92B50430D419625406D1B /* Pods-Twitar.release.xcconfig */;
			buildSettings = {
				ASSETCATALOG_COMPILER_APPICON_NAME = AppIcon;
				CODE_SIGN_ENTITLEMENTS = Twitar/Twitar.entitlements;
				DEVELOPMENT_TEAM = 4JAR4TZYES;
				INFOPLIST_FILE = Twitar/Info.plist;
				LD_RUNPATH_SEARCH_PATHS = "$(inherited) @executable_path/Frameworks";
				PRODUCT_BUNDLE_IDENTIFIER = com.codepath.Twitar;
				PRODUCT_NAME = "$(TARGET_NAME)";
				SWIFT_VERSION = 3.0;
			};
			name = Release;
		};
/* End XCBuildConfiguration section */

/* Begin XCConfigurationList section */
		A3D62C061DC300A1005F9CFA /* Build configuration list for PBXProject "Twitar" */ = {
			isa = XCConfigurationList;
			buildConfigurations = (
				A3D62C1B1DC300A1005F9CFA /* Debug */,
				A3D62C1C1DC300A1005F9CFA /* Release */,
			);
			defaultConfigurationIsVisible = 0;
			defaultConfigurationName = Release;
		};
		A3D62C1D1DC300A1005F9CFA /* Build configuration list for PBXNativeTarget "Twitar" */ = {
			isa = XCConfigurationList;
			buildConfigurations = (
				A3D62C1E1DC300A1005F9CFA /* Debug */,
				A3D62C1F1DC300A1005F9CFA /* Release */,
			);
			defaultConfigurationIsVisible = 0;
			defaultConfigurationName = Release;
		};
/* End XCConfigurationList section */
	};
	rootObject = A3D62C031DC300A1005F9CFA /* Project object */;
}
